// !$*UTF8*$!
{
	archiveVersion = 1;
	classes = {
	};
	objectVersion = 46;
	objects = {

/* Begin PBXBuildFile section */
		A02F28F91BE361680009C298 /* HomeViewComtrollerViewController.swift in Sources */ = {isa = PBXBuildFile; fileRef = A02F28F81BE361680009C298 /* HomeViewComtrollerViewController.swift */; };
		A02F28FD1BE369C50009C298 /* Common.swift in Sources */ = {isa = PBXBuildFile; fileRef = A02F28FC1BE369C50009C298 /* Common.swift */; };
		A02F28FF1BE36C810009C298 /* back@3x.png in Resources */ = {isa = PBXBuildFile; fileRef = A02F28FE1BE36C810009C298 /* back@3x.png */; };
		A02F29031BE396200009C298 /* LeftViewController.swift in Sources */ = {isa = PBXBuildFile; fileRef = A02F29021BE396200009C298 /* LeftViewController.swift */; };
		A02F29051BE896C00009C298 /* OtherPageViewController.swift in Sources */ = {isa = PBXBuildFile; fileRef = A02F29041BE896C00009C298 /* OtherPageViewController.swift */; };
		A0F39C781BE36005009B3A1B /* AppDelegate.swift in Sources */ = {isa = PBXBuildFile; fileRef = A0F39C771BE36005009B3A1B /* AppDelegate.swift */; };
		A0F39C7A1BE36005009B3A1B /* ViewController.swift in Sources */ = {isa = PBXBuildFile; fileRef = A0F39C791BE36005009B3A1B /* ViewController.swift */; };
		A0F39C7D1BE36005009B3A1B /* Main.storyboard in Resources */ = {isa = PBXBuildFile; fileRef = A0F39C7B1BE36005009B3A1B /* Main.storyboard */; };
		A0F39C7F1BE36005009B3A1B /* Assets.xcassets in Resources */ = {isa = PBXBuildFile; fileRef = A0F39C7E1BE36005009B3A1B /* Assets.xcassets */; };
		A0F39C821BE36005009B3A1B /* LaunchScreen.storyboard in Resources */ = {isa = PBXBuildFile; fileRef = A0F39C801BE36005009B3A1B /* LaunchScreen.storyboard */; };
		A0F39C8D1BE36005009B3A1B /* JourneyHelperTests.swift in Sources */ = {isa = PBXBuildFile; fileRef = A0F39C8C1BE36005009B3A1B /* JourneyHelperTests.swift */; };
		A0F39C981BE36005009B3A1B /* JourneyHelperUITests.swift in Sources */ = {isa = PBXBuildFile; fileRef = A0F39C971BE36005009B3A1B /* JourneyHelperUITests.swift */; };
/* End PBXBuildFile section */

/* Begin PBXContainerItemProxy section */
		A0F39C891BE36005009B3A1B /* PBXContainerItemProxy */ = {
			isa = PBXContainerItemProxy;
			containerPortal = A0F39C6C1BE36005009B3A1B /* Project object */;
			proxyType = 1;
			remoteGlobalIDString = A0F39C731BE36005009B3A1B;
			remoteInfo = JourneyHelper;
		};
		A0F39C941BE36005009B3A1B /* PBXContainerItemProxy */ = {
			isa = PBXContainerItemProxy;
			containerPortal = A0F39C6C1BE36005009B3A1B /* Project object */;
			proxyType = 1;
			remoteGlobalIDString = A0F39C731BE36005009B3A1B;
			remoteInfo = JourneyHelper;
		};
/* End PBXContainerItemProxy section */

/* Begin PBXFileReference section */
		A02F28F81BE361680009C298 /* HomeViewComtrollerViewController.swift */ = {isa = PBXFileReference; fileEncoding = 4; lastKnownFileType = sourcecode.swift; path = HomeViewComtrollerViewController.swift; sourceTree = "<group>"; };
		A02F28FC1BE369C50009C298 /* Common.swift */ = {isa = PBXFileReference; fileEncoding = 4; lastKnownFileType = sourcecode.swift; path = Common.swift; sourceTree = "<group>"; };
		A02F28FE1BE36C810009C298 /* back@3x.png */ = {isa = PBXFileReference; lastKnownFileType = image.png; path = "back@3x.png"; sourceTree = "<group>"; };
		A02F29021BE396200009C298 /* LeftViewController.swift */ = {isa = PBXFileReference; fileEncoding = 4; lastKnownFileType = sourcecode.swift; name = LeftViewController.swift; path = ../LeftViewController.swift; sourceTree = "<group>"; };
		A02F29041BE896C00009C298 /* OtherPageViewController.swift */ = {isa = PBXFileReference; fileEncoding = 4; lastKnownFileType = sourcecode.swift; path = OtherPageViewController.swift; sourceTree = "<group>"; };
		A0F39C741BE36005009B3A1B /* JourneyHelper.app */ = {isa = PBXFileReference; explicitFileType = wrapper.application; includeInIndex = 0; path = JourneyHelper.app; sourceTree = BUILT_PRODUCTS_DIR; };
		A0F39C771BE36005009B3A1B /* AppDelegate.swift */ = {isa = PBXFileReference; lastKnownFileType = sourcecode.swift; path = AppDelegate.swift; sourceTree = "<group>"; };
		A0F39C791BE36005009B3A1B /* ViewController.swift */ = {isa = PBXFileReference; lastKnownFileType = sourcecode.swift; path = ViewController.swift; sourceTree = "<group>"; };
		A0F39C7C1BE36005009B3A1B /* Base */ = {isa = PBXFileReference; lastKnownFileType = file.storyboard; name = Base; path = Base.lproj/Main.storyboard; sourceTree = "<group>"; };
		A0F39C7E1BE36005009B3A1B /* Assets.xcassets */ = {isa = PBXFileReference; lastKnownFileType = folder.assetcatalog; path = Assets.xcassets; sourceTree = "<group>"; };
		A0F39C811BE36005009B3A1B /* Base */ = {isa = PBXFileReference; lastKnownFileType = file.storyboard; name = Base; path = Base.lproj/LaunchScreen.storyboard; sourceTree = "<group>"; };
		A0F39C831BE36005009B3A1B /* Info.plist */ = {isa = PBXFileReference; lastKnownFileType = text.plist.xml; path = Info.plist; sourceTree = "<group>"; };
		A0F39C881BE36005009B3A1B /* JourneyHelperTests.xctest */ = {isa = PBXFileReference; explicitFileType = wrapper.cfbundle; includeInIndex = 0; path = JourneyHelperTests.xctest; sourceTree = BUILT_PRODUCTS_DIR; };
		A0F39C8C1BE36005009B3A1B /* JourneyHelperTests.swift */ = {isa = PBXFileReference; lastKnownFileType = sourcecode.swift; path = JourneyHelperTests.swift; sourceTree = "<group>"; };
		A0F39C8E1BE36005009B3A1B /* Info.plist */ = {isa = PBXFileReference; lastKnownFileType = text.plist.xml; path = Info.plist; sourceTree = "<group>"; };
		A0F39C931BE36005009B3A1B /* JourneyHelperUITests.xctest */ = {isa = PBXFileReference; explicitFileType = wrapper.cfbundle; includeInIndex = 0; path = JourneyHelperUITests.xctest; sourceTree = BUILT_PRODUCTS_DIR; };
		A0F39C971BE36005009B3A1B /* JourneyHelperUITests.swift */ = {isa = PBXFileReference; lastKnownFileType = sourcecode.swift; path = JourneyHelperUITests.swift; sourceTree = "<group>"; };
		A0F39C991BE36005009B3A1B /* Info.plist */ = {isa = PBXFileReference; lastKnownFileType = text.plist.xml; path = Info.plist; sourceTree = "<group>"; };
/* End PBXFileReference section */

/* Begin PBXFrameworksBuildPhase section */
		A0F39C711BE36005009B3A1B /* Frameworks */ = {
			isa = PBXFrameworksBuildPhase;
			buildActionMask = 2147483647;
			files = (
			);
			runOnlyForDeploymentPostprocessing = 0;
		};
		A0F39C851BE36005009B3A1B /* Frameworks */ = {
			isa = PBXFrameworksBuildPhase;
			buildActionMask = 2147483647;
			files = (
			);
			runOnlyForDeploymentPostprocessing = 0;
		};
		A0F39C901BE36005009B3A1B /* Frameworks */ = {
			isa = PBXFrameworksBuildPhase;
			buildActionMask = 2147483647;
			files = (
			);
			runOnlyForDeploymentPostprocessing = 0;
		};
/* End PBXFrameworksBuildPhase section */

/* Begin PBXGroup section */
		A0F39C6B1BE36005009B3A1B = {
			isa = PBXGroup;
			children = (
				A0F39C761BE36005009B3A1B /* JourneyHelper */,
				A0F39C8B1BE36005009B3A1B /* JourneyHelperTests */,
				A0F39C961BE36005009B3A1B /* JourneyHelperUITests */,
				A0F39C751BE36005009B3A1B /* Products */,
			);
			sourceTree = "<group>";
		};
		A0F39C751BE36005009B3A1B /* Products */ = {
			isa = PBXGroup;
			children = (
				A0F39C741BE36005009B3A1B /* JourneyHelper.app */,
				A0F39C881BE36005009B3A1B /* JourneyHelperTests.xctest */,
				A0F39C931BE36005009B3A1B /* JourneyHelperUITests.xctest */,
			);
			name = Products;
			sourceTree = "<group>";
		};
		A0F39C761BE36005009B3A1B /* JourneyHelper */ = {
			isa = PBXGroup;
			children = (
				A02F28FE1BE36C810009C298 /* back@3x.png */,
				A0F39C771BE36005009B3A1B /* AppDelegate.swift */,
				A0F39C791BE36005009B3A1B /* ViewController.swift */,
				A02F28F81BE361680009C298 /* HomeViewComtrollerViewController.swift */,
				A02F28FC1BE369C50009C298 /* Common.swift */,
				A02F29041BE896C00009C298 /* OtherPageViewController.swift */,
				A0F39C7B1BE36005009B3A1B /* Main.storyboard */,
				A02F29021BE396200009C298 /* LeftViewController.swift */,
				A0F39C7E1BE36005009B3A1B /* Assets.xcassets */,
				A0F39C801BE36005009B3A1B /* LaunchScreen.storyboard */,
				A0F39C831BE36005009B3A1B /* Info.plist */,
			);
			path = JourneyHelper;
			sourceTree = "<group>";
		};
		A0F39C8B1BE36005009B3A1B /* JourneyHelperTests */ = {
			isa = PBXGroup;
			children = (
				A0F39C8C1BE36005009B3A1B /* JourneyHelperTests.swift */,
				A0F39C8E1BE36005009B3A1B /* Info.plist */,
			);
			path = JourneyHelperTests;
			sourceTree = "<group>";
		};
		A0F39C961BE36005009B3A1B /* JourneyHelperUITests */ = {
			isa = PBXGroup;
			children = (
				A0F39C971BE36005009B3A1B /* JourneyHelperUITests.swift */,
				A0F39C991BE36005009B3A1B /* Info.plist */,
			);
			path = JourneyHelperUITests;
			sourceTree = "<group>";
		};
/* End PBXGroup section */

/* Begin PBXNativeTarget section */
		A0F39C731BE36005009B3A1B /* JourneyHelper */ = {
			isa = PBXNativeTarget;
			buildConfigurationList = A0F39C9C1BE36005009B3A1B /* Build configuration list for PBXNativeTarget "JourneyHelper" */;
			buildPhases = (
				A0F39C701BE36005009B3A1B /* Sources */,
				A0F39C711BE36005009B3A1B /* Frameworks */,
				A0F39C721BE36005009B3A1B /* Resources */,
			);
			buildRules = (
			);
			dependencies = (
			);
			name = JourneyHelper;
			productName = JourneyHelper;
			productReference = A0F39C741BE36005009B3A1B /* JourneyHelper.app */;
			productType = "com.apple.product-type.application";
		};
		A0F39C871BE36005009B3A1B /* JourneyHelperTests */ = {
			isa = PBXNativeTarget;
			buildConfigurationList = A0F39C9F1BE36005009B3A1B /* Build configuration list for PBXNativeTarget "JourneyHelperTests" */;
			buildPhases = (
				A0F39C841BE36005009B3A1B /* Sources */,
				A0F39C851BE36005009B3A1B /* Frameworks */,
				A0F39C861BE36005009B3A1B /* Resources */,
			);
			buildRules = (
			);
			dependencies = (
				A0F39C8A1BE36005009B3A1B /* PBXTargetDependency */,
			);
			name = JourneyHelperTests;
			productName = JourneyHelperTests;
			productReference = A0F39C881BE36005009B3A1B /* JourneyHelperTests.xctest */;
			productType = "com.apple.product-type.bundle.unit-test";
		};
		A0F39C921BE36005009B3A1B /* JourneyHelperUITests */ = {
			isa = PBXNativeTarget;
			buildConfigurationList = A0F39CA21BE36005009B3A1B /* Build configuration list for PBXNativeTarget "JourneyHelperUITests" */;
			buildPhases = (
				A0F39C8F1BE36005009B3A1B /* Sources */,
				A0F39C901BE36005009B3A1B /* Frameworks */,
				A0F39C911BE36005009B3A1B /* Resources */,
			);
			buildRules = (
			);
			dependencies = (
				A0F39C951BE36005009B3A1B /* PBXTargetDependency */,
			);
			name = JourneyHelperUITests;
			productName = JourneyHelperUITests;
			productReference = A0F39C931BE36005009B3A1B /* JourneyHelperUITests.xctest */;
			productType = "com.apple.product-type.bundle.ui-testing";
		};
/* End PBXNativeTarget section */

/* Begin PBXProject section */
		A0F39C6C1BE36005009B3A1B /* Project object */ = {
			isa = PBXProject;
			attributes = {
				LastSwiftUpdateCheck = 0710;
				LastUpgradeCheck = 0710;
				ORGANIZATIONNAME = Wu;
				TargetAttributes = {
					A0F39C731BE36005009B3A1B = {
						CreatedOnToolsVersion = 7.1;
					};
					A0F39C871BE36005009B3A1B = {
						CreatedOnToolsVersion = 7.1;
						TestTargetID = A0F39C731BE36005009B3A1B;
					};
					A0F39C921BE36005009B3A1B = {
						CreatedOnToolsVersion = 7.1;
						TestTargetID = A0F39C731BE36005009B3A1B;
					};
				};
			};
			buildConfigurationList = A0F39C6F1BE36005009B3A1B /* Build configuration list for PBXProject "JourneyHelper" */;
			compatibilityVersion = "Xcode 3.2";
			developmentRegion = English;
			hasScannedForEncodings = 0;
			knownRegions = (
				en,
				Base,
			);
			mainGroup = A0F39C6B1BE36005009B3A1B;
			productRefGroup = A0F39C751BE36005009B3A1B /* Products */;
			projectDirPath = "";
			projectRoot = "";
			targets = (
				A0F39C731BE36005009B3A1B /* JourneyHelper */,
				A0F39C871BE36005009B3A1B /* JourneyHelperTests */,
				A0F39C921BE36005009B3A1B /* JourneyHelperUITests */,
			);
		};
/* End PBXProject section */

/* Begin PBXResourcesBuildPhase section */
		A0F39C721BE36005009B3A1B /* Resources */ = {
			isa = PBXResourcesBuildPhase;
			buildActionMask = 2147483647;
			files = (
				A0F39C821BE36005009B3A1B /* LaunchScreen.storyboard in Resources */,
				A0F39C7F1BE36005009B3A1B /* Assets.xcassets in Resources */,
				A02F28FF1BE36C810009C298 /* back@3x.png in Resources */,
				A0F39C7D1BE36005009B3A1B /* Main.storyboard in Resources */,
			);
			runOnlyForDeploymentPostprocessing = 0;
		};
		A0F39C861BE36005009B3A1B /* Resources */ = {
			isa = PBXResourcesBuildPhase;
			buildActionMask = 2147483647;
			files = (
			);
			runOnlyForDeploymentPostprocessing = 0;
		};
		A0F39C911BE36005009B3A1B /* Resources */ = {
			isa = PBXResourcesBuildPhase;
			buildActionMask = 2147483647;
			files = (
			);
			runOnlyForDeploymentPostprocessing = 0;
		};
/* End PBXResourcesBuildPhase section */

/* Begin PBXSourcesBuildPhase section */
		A0F39C701BE36005009B3A1B /* Sources */ = {
			isa = PBXSourcesBuildPhase;
			buildActionMask = 2147483647;
			files = (
				A02F29051BE896C00009C298 /* OtherPageViewController.swift in Sources */,
				A02F28FD1BE369C50009C298 /* Common.swift in Sources */,
				A02F28F91BE361680009C298 /* HomeViewComtrollerViewController.swift in Sources */,
				A0F39C7A1BE36005009B3A1B /* ViewController.swift in Sources */,
				A02F29031BE396200009C298 /* LeftViewController.swift in Sources */,
				A0F39C781BE36005009B3A1B /* AppDelegate.swift in Sources */,
			);
			runOnlyForDeploymentPostprocessing = 0;
		};
		A0F39C841BE36005009B3A1B /* Sources */ = {
			isa = PBXSourcesBuildPhase;
			buildActionMask = 2147483647;
			files = (
				A0F39C8D1BE36005009B3A1B /* JourneyHelperTests.swift in Sources */,
			);
			runOnlyForDeploymentPostprocessing = 0;
		};
		A0F39C8F1BE36005009B3A1B /* Sources */ = {
			isa = PBXSourcesBuildPhase;
			buildActionMask = 2147483647;
			files = (
				A0F39C981BE36005009B3A1B /* JourneyHelperUITests.swift in Sources */,
			);
			runOnlyForDeploymentPostprocessing = 0;
		};
/* End PBXSourcesBuildPhase section */

/* Begin PBXTargetDependency section */
		A0F39C8A1BE36005009B3A1B /* PBXTargetDependency */ = {
			isa = PBXTargetDependency;
			target = A0F39C731BE36005009B3A1B /* JourneyHelper */;
			targetProxy = A0F39C891BE36005009B3A1B /* PBXContainerItemProxy */;
		};
		A0F39C951BE36005009B3A1B /* PBXTargetDependency */ = {
			isa = PBXTargetDependency;
			target = A0F39C731BE36005009B3A1B /* JourneyHelper */;
			targetProxy = A0F39C941BE36005009B3A1B /* PBXContainerItemProxy */;
		};
/* End PBXTargetDependency section */

/* Begin PBXVariantGroup section */
		A0F39C7B1BE36005009B3A1B /* Main.storyboard */ = {
			isa = PBXVariantGroup;
			children = (
				A0F39C7C1BE36005009B3A1B /* Base */,
			);
			name = Main.storyboard;
			sourceTree = "<group>";
		};
		A0F39C801BE36005009B3A1B /* LaunchScreen.storyboard */ = {
			isa = PBXVariantGroup;
			children = (
				A0F39C811BE36005009B3A1B /* Base */,
			);
			name = LaunchScreen.storyboard;
			sourceTree = "<group>";
		};
/* End PBXVariantGroup section */

/* Begin XCBuildConfiguration section */
		A0F39C9A1BE36005009B3A1B /* Debug */ = {
			isa = XCBuildConfiguration;
			buildSettings = {
				ALWAYS_SEARCH_USER_PATHS = NO;
				CLANG_CXX_LANGUAGE_STANDARD = "gnu++0x";
				CLANG_CXX_LIBRARY = "libc++";
				CLANG_ENABLE_MODULES = YES;
				CLANG_ENABLE_OBJC_ARC = YES;
				CLANG_WARN_BOOL_CONVERSION = YES;
				CLANG_WARN_CONSTANT_CONVERSION = YES;
				CLANG_WARN_DIRECT_OBJC_ISA_USAGE = YES_ERROR;
				CLANG_WARN_EMPTY_BODY = YES;
				CLANG_WARN_ENUM_CONVERSION = YES;
				CLANG_WARN_INT_CONVERSION = YES;
				CLANG_WARN_OBJC_ROOT_CLASS = YES_ERROR;
				CLANG_WARN_UNREACHABLE_CODE = YES;
				CLANG_WARN__DUPLICATE_METHOD_MATCH = YES;
				"CODE_SIGN_IDENTITY[sdk=iphoneos*]" = "iPhone Developer";
				COPY_PHASE_STRIP = NO;
				DEBUG_INFORMATION_FORMAT = dwarf;
				ENABLE_STRICT_OBJC_MSGSEND = YES;
				ENABLE_TESTABILITY = YES;
				GCC_C_LANGUAGE_STANDARD = gnu99;
				GCC_DYNAMIC_NO_PIC = NO;
				GCC_NO_COMMON_BLOCKS = YES;
				GCC_OPTIMIZATION_LEVEL = 0;
				GCC_PREPROCESSOR_DEFINITIONS = (
					"DEBUG=1",
					"$(inherited)",
				);
				GCC_WARN_64_TO_32_BIT_CONVERSION = YES;
				GCC_WARN_ABOUT_RETURN_TYPE = YES_ERROR;
				GCC_WARN_UNDECLARED_SELECTOR = YES;
				GCC_WARN_UNINITIALIZED_AUTOS = YES_AGGRESSIVE;
				GCC_WARN_UNUSED_FUNCTION = YES;
				GCC_WARN_UNUSED_VARIABLE = YES;
				IPHONEOS_DEPLOYMENT_TARGET = 9.1;
				MTL_ENABLE_DEBUG_INFO = YES;
				ONLY_ACTIVE_ARCH = YES;
				SDKROOT = iphoneos;
				SWIFT_OPTIMIZATION_LEVEL = "-Onone";
			};
			name = Debug;
		};
		A0F39C9B1BE36005009B3A1B /* Release */ = {
			isa = XCBuildConfiguration;
			buildSettings = {
				ALWAYS_SEARCH_USER_PATHS = NO;
				CLANG_CXX_LANGUAGE_STANDARD = "gnu++0x";
				CLANG_CXX_LIBRARY = "libc++";
				CLANG_ENABLE_MODULES = YES;
				CLANG_ENABLE_OBJC_ARC = YES;
				CLANG_WARN_BOOL_CONVERSION = YES;
				CLANG_WARN_CONSTANT_CONVERSION = YES;
				CLANG_WARN_DIRECT_OBJC_ISA_USAGE = YES_ERROR;
				CLANG_WARN_EMPTY_BODY = YES;
				CLANG_WARN_ENUM_CONVERSION = YES;
				CLANG_WARN_INT_CONVERSION = YES;
				CLANG_WARN_OBJC_ROOT_CLASS = YES_ERROR;
				CLANG_WARN_UNREACHABLE_CODE = YES;
				CLANG_WARN__DUPLICATE_METHOD_MATCH = YES;
				"CODE_SIGN_IDENTITY[sdk=iphoneos*]" = "iPhone Developer";
				COPY_PHASE_STRIP = NO;
				DEBUG_INFORMATION_FORMAT = "dwarf-with-dsym";
				ENABLE_NS_ASSERTIONS = NO;
				ENABLE_STRICT_OBJC_MSGSEND = YES;
				GCC_C_LANGUAGE_STANDARD = gnu99;
				GCC_NO_COMMON_BLOCKS = YES;
				GCC_WARN_64_TO_32_BIT_CONVERSION = YES;
				GCC_WARN_ABOUT_RETURN_TYPE = YES_ERROR;
				GCC_WARN_UNDECLARED_SELECTOR = YES;
				GCC_WARN_UNINITIALIZED_AUTOS = YES_AGGRESSIVE;
				GCC_WARN_UNUSED_FUNCTION = YES;
				GCC_WARN_UNUSED_VARIABLE = YES;
				IPHONEOS_DEPLOYMENT_TARGET = 9.1;
				MTL_ENABLE_DEBUG_INFO = NO;
				SDKROOT = iphoneos;
				VALIDATE_PRODUCT = YES;
			};
			name = Release;
		};
		A0F39C9D1BE36005009B3A1B /* Debug */ = {
			isa = XCBuildConfiguration;
			buildSettings = {
				ASSETCATALOG_COMPILER_APPICON_NAME = AppIcon;
				INFOPLIST_FILE = JourneyHelper/Info.plist;
				LD_RUNPATH_SEARCH_PATHS = "$(inherited) @executable_path/Frameworks";
				PRODUCT_BUNDLE_IDENTIFIER = com.Applestar.JourneyHelper;
				PRODUCT_NAME = "$(TARGET_NAME)";
			};
			name = Debug;
		};
		A0F39C9E1BE36005009B3A1B /* Release */ = {
			isa = XCBuildConfiguration;
			buildSettings = {
				ASSETCATALOG_COMPILER_APPICON_NAME = AppIcon;
				INFOPLIST_FILE = JourneyHelper/Info.plist;
				LD_RUNPATH_SEARCH_PATHS = "$(inherited) @executable_path/Frameworks";
				PRODUCT_BUNDLE_IDENTIFIER = com.Applestar.JourneyHelper;
				PRODUCT_NAME = "$(TARGET_NAME)";
			};
			name = Release;
		};
		A0F39CA01BE36005009B3A1B /* Debug */ = {
			isa = XCBuildConfiguration;
			buildSettings = {
				BUNDLE_LOADER = "$(TEST_HOST)";
				INFOPLIST_FILE = JourneyHelperTests/Info.plist;
				LD_RUNPATH_SEARCH_PATHS = "$(inherited) @executable_path/Frameworks @loader_path/Frameworks";
				PRODUCT_BUNDLE_IDENTIFIER = com.Applestar.JourneyHelperTests;
				PRODUCT_NAME = "$(TARGET_NAME)";
				TEST_HOST = "$(BUILT_PRODUCTS_DIR)/JourneyHelper.app/JourneyHelper";
			};
			name = Debug;
		};
		A0F39CA11BE36005009B3A1B /* Release */ = {
			isa = XCBuildConfiguration;
			buildSettings = {
				BUNDLE_LOADER = "$(TEST_HOST)";
				INFOPLIST_FILE = JourneyHelperTests/Info.plist;
				LD_RUNPATH_SEARCH_PATHS = "$(inherited) @executable_path/Frameworks @loader_path/Frameworks";
				PRODUCT_BUNDLE_IDENTIFIER = com.Applestar.JourneyHelperTests;
				PRODUCT_NAME = "$(TARGET_NAME)";
				TEST_HOST = "$(BUILT_PRODUCTS_DIR)/JourneyHelper.app/JourneyHelper";
			};
			name = Release;
		};
		A0F39CA31BE36005009B3A1B /* Debug */ = {
			isa = XCBuildConfiguration;
			buildSettings = {
				INFOPLIST_FILE = JourneyHelperUITests/Info.plist;
				LD_RUNPATH_SEARCH_PATHS = "$(inherited) @executable_path/Frameworks @loader_path/Frameworks";
				PRODUCT_BUNDLE_IDENTIFIER = com.Applestar.JourneyHelperUITests;
				PRODUCT_NAME = "$(TARGET_NAME)";
				TEST_TARGET_NAME = JourneyHelper;
				USES_XCTRUNNER = YES;
			};
			name = Debug;
		};
		A0F39CA41BE36005009B3A1B /* Release */ = {
			isa = XCBuildConfiguration;
			buildSettings = {
				INFOPLIST_FILE = JourneyHelperUITests/Info.plist;
				LD_RUNPATH_SEARCH_PATHS = "$(inherited) @executable_path/Frameworks @loader_path/Frameworks";
				PRODUCT_BUNDLE_IDENTIFIER = com.Applestar.JourneyHelperUITests;
				PRODUCT_NAME = "$(TARGET_NAME)";
				TEST_TARGET_NAME = JourneyHelper;
				USES_XCTRUNNER = YES;
			};
			name = Release;
		};
/* End XCBuildConfiguration section */

/* Begin XCConfigurationList section */
		A0F39C6F1BE36005009B3A1B /* Build configuration list for PBXProject "JourneyHelper" */ = {
			isa = XCConfigurationList;
			buildConfigurations = (
				A0F39C9A1BE36005009B3A1B /* Debug */,
				A0F39C9B1BE36005009B3A1B /* Release */,
			);
			defaultConfigurationIsVisible = 0;
			defaultConfigurationName = Release;
		};
		A0F39C9C1BE36005009B3A1B /* Build configuration list for PBXNativeTarget "JourneyHelper" */ = {
			isa = XCConfigurationList;
			buildConfigurations = (
				A0F39C9D1BE36005009B3A1B /* Debug */,
				A0F39C9E1BE36005009B3A1B /* Release */,
			);
			defaultConfigurationIsVisible = 0;
			defaultConfigurationName = Release;
		};
		A0F39C9F1BE36005009B3A1B /* Build configuration list for PBXNativeTarget "JourneyHelperTests" */ = {
			isa = XCConfigurationList;
			buildConfigurations = (
				A0F39CA01BE36005009B3A1B /* Debug */,
				A0F39CA11BE36005009B3A1B /* Release */,
			);
			defaultConfigurationIsVisible = 0;
			defaultConfigurationName = Release;
		};
		A0F39CA21BE36005009B3A1B /* Build configuration list for PBXNativeTarget "JourneyHelperUITests" */ = {
			isa = XCConfigurationList;
			buildConfigurations = (
				A0F39CA31BE36005009B3A1B /* Debug */,
				A0F39CA41BE36005009B3A1B /* Release */,
			);
			defaultConfigurationIsVisible = 0;
			defaultConfigurationName = Release;
		};
/* End XCConfigurationList section */
	};
	rootObject = A0F39C6C1BE36005009B3A1B /* Project object */;
}
