// !$*UTF8*$!
{
	archiveVersion = 1;
	classes = {
	};
	objectVersion = 46;
	objects = {

/* Begin PBXBuildFile section */
		18BF35841C2062DC007C7EFA /* PersonalViewController.swift in Sources */ = {isa = PBXBuildFile; fileRef = 18BF35831C2062DC007C7EFA /* PersonalViewController.swift */; };
		18BF358B1C218757007C7EFA /* NewsTableViewCell.swift in Sources */ = {isa = PBXBuildFile; fileRef = 18BF35891C218757007C7EFA /* NewsTableViewCell.swift */; };
		18BF358C1C218757007C7EFA /* NewsTableViewCell.xib in Resources */ = {isa = PBXBuildFile; fileRef = 18BF358A1C218757007C7EFA /* NewsTableViewCell.xib */; };
		18BF358E1C21B799007C7EFA /* GroundDetailViewController.swift in Sources */ = {isa = PBXBuildFile; fileRef = 18BF358D1C21B799007C7EFA /* GroundDetailViewController.swift */; };
		18BF35901C21BDAD007C7EFA /* SearchViewController.swift in Sources */ = {isa = PBXBuildFile; fileRef = 18BF358F1C21BDAD007C7EFA /* SearchViewController.swift */; };
		4642DDB51ADA76DA00D0F32B /* SwiftColors.swift in Sources */ = {isa = PBXBuildFile; fileRef = 4642DDB41ADA76DA00D0F32B /* SwiftColors.swift */; };
		4642DDB71ADA7BAA00D0F32B /* OtherPageViewController.swift in Sources */ = {isa = PBXBuildFile; fileRef = 4642DDB61ADA7BAA00D0F32B /* OtherPageViewController.swift */; };
		4659330B1AD7F60700969878 /* AppDelegate.swift in Sources */ = {isa = PBXBuildFile; fileRef = 4659330A1AD7F60700969878 /* AppDelegate.swift */; };
		4659330D1AD7F60700969878 /* ViewController.swift in Sources */ = {isa = PBXBuildFile; fileRef = 4659330C1AD7F60700969878 /* ViewController.swift */; };
		465933101AD7F60700969878 /* Main.storyboard in Resources */ = {isa = PBXBuildFile; fileRef = 4659330E1AD7F60700969878 /* Main.storyboard */; };
		465933121AD7F60700969878 /* Images.xcassets in Resources */ = {isa = PBXBuildFile; fileRef = 465933111AD7F60700969878 /* Images.xcassets */; };
		465933151AD7F60700969878 /* LaunchScreen.xib in Resources */ = {isa = PBXBuildFile; fileRef = 465933131AD7F60700969878 /* LaunchScreen.xib */; };
		465933211AD7F60700969878 /* SwiftSideslipLikeQQTests.swift in Sources */ = {isa = PBXBuildFile; fileRef = 465933201AD7F60700969878 /* SwiftSideslipLikeQQTests.swift */; };
		4659332B1AD7FB0E00969878 /* HomeViewController.swift in Sources */ = {isa = PBXBuildFile; fileRef = 4659332A1AD7FB0E00969878 /* HomeViewController.swift */; };
		46617ED61AF3E4C5008F038F /* MainTabBarController.swift in Sources */ = {isa = PBXBuildFile; fileRef = 46617ED41AF3E4C5008F038F /* MainTabBarController.swift */; };
		46617ED71AF3E4C5008F038F /* MainTabBarController.xib in Resources */ = {isa = PBXBuildFile; fileRef = 46617ED51AF3E4C5008F038F /* MainTabBarController.xib */; };
		466C00881AD832D9002ED354 /* Common.swift in Sources */ = {isa = PBXBuildFile; fileRef = 466C00871AD832D9002ED354 /* Common.swift */; };
		466C008F1AD92447002ED354 /* LeftViewController.swift in Sources */ = {isa = PBXBuildFile; fileRef = 466C008E1AD92447002ED354 /* LeftViewController.swift */; };
		F608CED12FB1E57FD2FD6081 /* Pods.framework in Frameworks */ = {isa = PBXBuildFile; fileRef = 0B3A2880D9865F3092C3565F /* Pods.framework */; };
		F74CD0391BFE21E5003B4E14 /* LoanViewController.swift in Sources */ = {isa = PBXBuildFile; fileRef = F74CD0381BFE21E5003B4E14 /* LoanViewController.swift */; };
		F7564B151BFEF9720025B535 /* HomeTableViewCell.swift in Sources */ = {isa = PBXBuildFile; fileRef = F7564B131BFEF9720025B535 /* HomeTableViewCell.swift */; };
		F7564B161BFEF9720025B535 /* HomeTableViewCell.xib in Resources */ = {isa = PBXBuildFile; fileRef = F7564B141BFEF9720025B535 /* HomeTableViewCell.xib */; };
		F7564B1E1BFEFCE50025B535 /* PhotosViewController.swift in Sources */ = {isa = PBXBuildFile; fileRef = F7564B1D1BFEFCE50025B535 /* PhotosViewController.swift */; };
		F7564B211BFEFD620025B535 /* PhotosTableViewCell.swift in Sources */ = {isa = PBXBuildFile; fileRef = F7564B1F1BFEFD620025B535 /* PhotosTableViewCell.swift */; };
		F7564B221BFEFD620025B535 /* PhotosTableViewCell.xib in Resources */ = {isa = PBXBuildFile; fileRef = F7564B201BFEFD620025B535 /* PhotosTableViewCell.xib */; };
		F761E35E1C1F0B3E0044BBD2 /* ScheduleViewController.swift in Sources */ = {isa = PBXBuildFile; fileRef = F761E35D1C1F0B3E0044BBD2 /* ScheduleViewController.swift */; };
		F761E3611C1F0CFA0044BBD2 /* ScheduleTableViewCell.swift in Sources */ = {isa = PBXBuildFile; fileRef = F761E35F1C1F0CFA0044BBD2 /* ScheduleTableViewCell.swift */; };
		F761E3621C1F0CFA0044BBD2 /* ScheduleTableViewCell.xib in Resources */ = {isa = PBXBuildFile; fileRef = F761E3601C1F0CFA0044BBD2 /* ScheduleTableViewCell.xib */; };
		F76375A11BFDFFC5000D04B8 /* SwiftNotice.swift in Sources */ = {isa = PBXBuildFile; fileRef = F76375A01BFDFFC5000D04B8 /* SwiftNotice.swift */; };
		F77E6D1B1C20234300EB6157 /* BubbyListTableViewCell.swift in Sources */ = {isa = PBXBuildFile; fileRef = F77E6D191C20234300EB6157 /* BubbyListTableViewCell.swift */; };
		F77E6D1C1C20234300EB6157 /* BubbyListTableViewCell.xib in Resources */ = {isa = PBXBuildFile; fileRef = F77E6D1A1C20234300EB6157 /* BubbyListTableViewCell.xib */; };
		F7802C681C1AFBA1009647BA /* LogUpViewController.swift in Sources */ = {isa = PBXBuildFile; fileRef = F7802C661C1AFBA1009647BA /* LogUpViewController.swift */; };
		F7802C691C1AFBA1009647BA /* LogUpViewController.xib in Resources */ = {isa = PBXBuildFile; fileRef = F7802C671C1AFBA1009647BA /* LogUpViewController.xib */; };
		F7802C6C1C1B02FD009647BA /* LogInViewController.swift in Sources */ = {isa = PBXBuildFile; fileRef = F7802C6A1C1B02FD009647BA /* LogInViewController.swift */; };
		F7802C6D1C1B02FD009647BA /* LogInViewController.xib in Resources */ = {isa = PBXBuildFile; fileRef = F7802C6B1C1B02FD009647BA /* LogInViewController.xib */; };
		F7802C6F1C1EDF5F009647BA /* BubbyListViewController.swift in Sources */ = {isa = PBXBuildFile; fileRef = F7802C6E1C1EDF5F009647BA /* BubbyListViewController.swift */; };
		F79864B71BFF7147005606DA /* RouteDetailViewController.swift in Sources */ = {isa = PBXBuildFile; fileRef = F79864B61BFF7147005606DA /* RouteDetailViewController.swift */; };
		F7A7B96B1C19C4C000AC4349 /* RightViewController.swift in Sources */ = {isa = PBXBuildFile; fileRef = F7A7B9691C19C4C000AC4349 /* RightViewController.swift */; };
		F7A7B96C1C19C4C000AC4349 /* RightViewController.xib in Resources */ = {isa = PBXBuildFile; fileRef = F7A7B96A1C19C4C000AC4349 /* RightViewController.xib */; };
/* End PBXBuildFile section */

/* Begin PBXContainerItemProxy section */
		4659331B1AD7F60700969878 /* PBXContainerItemProxy */ = {
			isa = PBXContainerItemProxy;
			containerPortal = 465932FD1AD7F60700969878 /* Project object */;
			proxyType = 1;
			remoteGlobalIDString = 465933041AD7F60700969878;
			remoteInfo = SwiftSideslipLikeQQ;
		};
/* End PBXContainerItemProxy section */

/* Begin PBXCopyFilesBuildPhase section */
		F763759A1BFCBF9A000D04B8 /* Embed Frameworks */ = {
			isa = PBXCopyFilesBuildPhase;
			buildActionMask = 2147483647;
			dstPath = "";
			dstSubfolderSpec = 10;
			files = (
			);
			name = "Embed Frameworks";
			runOnlyForDeploymentPostprocessing = 0;
		};
/* End PBXCopyFilesBuildPhase section */

/* Begin PBXFileReference section */
		0B3A2880D9865F3092C3565F /* Pods.framework */ = {isa = PBXFileReference; explicitFileType = wrapper.framework; includeInIndex = 0; path = Pods.framework; sourceTree = BUILT_PRODUCTS_DIR; };
		18BF35831C2062DC007C7EFA /* PersonalViewController.swift */ = {isa = PBXFileReference; fileEncoding = 4; lastKnownFileType = sourcecode.swift; path = PersonalViewController.swift; sourceTree = "<group>"; };
		18BF35891C218757007C7EFA /* NewsTableViewCell.swift */ = {isa = PBXFileReference; fileEncoding = 4; lastKnownFileType = sourcecode.swift; path = NewsTableViewCell.swift; sourceTree = "<group>"; };
		18BF358A1C218757007C7EFA /* NewsTableViewCell.xib */ = {isa = PBXFileReference; fileEncoding = 4; lastKnownFileType = file.xib; path = NewsTableViewCell.xib; sourceTree = "<group>"; };
		18BF358D1C21B799007C7EFA /* GroundDetailViewController.swift */ = {isa = PBXFileReference; fileEncoding = 4; lastKnownFileType = sourcecode.swift; path = GroundDetailViewController.swift; sourceTree = "<group>"; };
		18BF358F1C21BDAD007C7EFA /* SearchViewController.swift */ = {isa = PBXFileReference; fileEncoding = 4; lastKnownFileType = sourcecode.swift; path = SearchViewController.swift; sourceTree = "<group>"; };
		4642DDB41ADA76DA00D0F32B /* SwiftColors.swift */ = {isa = PBXFileReference; fileEncoding = 4; lastKnownFileType = sourcecode.swift; path = SwiftColors.swift; sourceTree = "<group>"; };
		4642DDB61ADA7BAA00D0F32B /* OtherPageViewController.swift */ = {isa = PBXFileReference; fileEncoding = 4; lastKnownFileType = sourcecode.swift; path = OtherPageViewController.swift; sourceTree = "<group>"; };
		465933051AD7F60700969878 /* SwiftSideslipLikeQQ.app */ = {isa = PBXFileReference; explicitFileType = wrapper.application; includeInIndex = 0; path = SwiftSideslipLikeQQ.app; sourceTree = BUILT_PRODUCTS_DIR; };
		465933091AD7F60700969878 /* Info.plist */ = {isa = PBXFileReference; lastKnownFileType = text.plist.xml; path = Info.plist; sourceTree = "<group>"; };
		4659330A1AD7F60700969878 /* AppDelegate.swift */ = {isa = PBXFileReference; lastKnownFileType = sourcecode.swift; path = AppDelegate.swift; sourceTree = "<group>"; };
		4659330C1AD7F60700969878 /* ViewController.swift */ = {isa = PBXFileReference; lastKnownFileType = sourcecode.swift; path = ViewController.swift; sourceTree = "<group>"; };
		4659330F1AD7F60700969878 /* Base */ = {isa = PBXFileReference; lastKnownFileType = file.storyboard; name = Base; path = Base.lproj/Main.storyboard; sourceTree = "<group>"; };
		465933111AD7F60700969878 /* Images.xcassets */ = {isa = PBXFileReference; lastKnownFileType = folder.assetcatalog; path = Images.xcassets; sourceTree = "<group>"; };
		465933141AD7F60700969878 /* Base */ = {isa = PBXFileReference; lastKnownFileType = file.xib; name = Base; path = Base.lproj/LaunchScreen.xib; sourceTree = "<group>"; };
		4659331A1AD7F60700969878 /* SwiftSideslipLikeQQTests.xctest */ = {isa = PBXFileReference; explicitFileType = wrapper.cfbundle; includeInIndex = 0; path = SwiftSideslipLikeQQTests.xctest; sourceTree = BUILT_PRODUCTS_DIR; };
		4659331F1AD7F60700969878 /* Info.plist */ = {isa = PBXFileReference; lastKnownFileType = text.plist.xml; path = Info.plist; sourceTree = "<group>"; };
		465933201AD7F60700969878 /* SwiftSideslipLikeQQTests.swift */ = {isa = PBXFileReference; lastKnownFileType = sourcecode.swift; path = SwiftSideslipLikeQQTests.swift; sourceTree = "<group>"; };
		4659332A1AD7FB0E00969878 /* HomeViewController.swift */ = {isa = PBXFileReference; fileEncoding = 4; lastKnownFileType = sourcecode.swift; path = HomeViewController.swift; sourceTree = "<group>"; };
		46617ED41AF3E4C5008F038F /* MainTabBarController.swift */ = {isa = PBXFileReference; fileEncoding = 4; lastKnownFileType = sourcecode.swift; path = MainTabBarController.swift; sourceTree = "<group>"; };
		46617ED51AF3E4C5008F038F /* MainTabBarController.xib */ = {isa = PBXFileReference; fileEncoding = 4; lastKnownFileType = file.xib; path = MainTabBarController.xib; sourceTree = "<group>"; };
		466C00871AD832D9002ED354 /* Common.swift */ = {isa = PBXFileReference; fileEncoding = 4; lastKnownFileType = sourcecode.swift; path = Common.swift; sourceTree = "<group>"; };
		466C008E1AD92447002ED354 /* LeftViewController.swift */ = {isa = PBXFileReference; fileEncoding = 4; lastKnownFileType = sourcecode.swift; path = LeftViewController.swift; sourceTree = "<group>"; };
		D49BE758CDEDABDC094382A2 /* Pods.release.xcconfig */ = {isa = PBXFileReference; includeInIndex = 1; lastKnownFileType = text.xcconfig; name = Pods.release.xcconfig; path = "Pods/Target Support Files/Pods/Pods.release.xcconfig"; sourceTree = "<group>"; };
		D7260D56BEC36E4717B2B284 /* Pods.debug.xcconfig */ = {isa = PBXFileReference; includeInIndex = 1; lastKnownFileType = text.xcconfig; name = Pods.debug.xcconfig; path = "Pods/Target Support Files/Pods/Pods.debug.xcconfig"; sourceTree = "<group>"; };
		F74CD0381BFE21E5003B4E14 /* LoanViewController.swift */ = {isa = PBXFileReference; fileEncoding = 4; lastKnownFileType = sourcecode.swift; path = LoanViewController.swift; sourceTree = "<group>"; };
		F7564B131BFEF9720025B535 /* HomeTableViewCell.swift */ = {isa = PBXFileReference; fileEncoding = 4; lastKnownFileType = sourcecode.swift; path = HomeTableViewCell.swift; sourceTree = "<group>"; };
		F7564B141BFEF9720025B535 /* HomeTableViewCell.xib */ = {isa = PBXFileReference; fileEncoding = 4; lastKnownFileType = file.xib; path = HomeTableViewCell.xib; sourceTree = "<group>"; };
		F7564B1D1BFEFCE50025B535 /* PhotosViewController.swift */ = {isa = PBXFileReference; fileEncoding = 4; lastKnownFileType = sourcecode.swift; path = PhotosViewController.swift; sourceTree = "<group>"; };
		F7564B1F1BFEFD620025B535 /* PhotosTableViewCell.swift */ = {isa = PBXFileReference; fileEncoding = 4; lastKnownFileType = sourcecode.swift; path = PhotosTableViewCell.swift; sourceTree = "<group>"; };
		F7564B201BFEFD620025B535 /* PhotosTableViewCell.xib */ = {isa = PBXFileReference; fileEncoding = 4; lastKnownFileType = file.xib; path = PhotosTableViewCell.xib; sourceTree = "<group>"; };
		F761E35D1C1F0B3E0044BBD2 /* ScheduleViewController.swift */ = {isa = PBXFileReference; fileEncoding = 4; lastKnownFileType = sourcecode.swift; path = ScheduleViewController.swift; sourceTree = "<group>"; };
		F761E35F1C1F0CFA0044BBD2 /* ScheduleTableViewCell.swift */ = {isa = PBXFileReference; fileEncoding = 4; lastKnownFileType = sourcecode.swift; path = ScheduleTableViewCell.swift; sourceTree = "<group>"; };
		F761E3601C1F0CFA0044BBD2 /* ScheduleTableViewCell.xib */ = {isa = PBXFileReference; fileEncoding = 4; lastKnownFileType = file.xib; path = ScheduleTableViewCell.xib; sourceTree = "<group>"; };
		F76375A01BFDFFC5000D04B8 /* SwiftNotice.swift */ = {isa = PBXFileReference; fileEncoding = 4; lastKnownFileType = sourcecode.swift; path = SwiftNotice.swift; sourceTree = "<group>"; };
		F77E6D191C20234300EB6157 /* BubbyListTableViewCell.swift */ = {isa = PBXFileReference; fileEncoding = 4; lastKnownFileType = sourcecode.swift; path = BubbyListTableViewCell.swift; sourceTree = "<group>"; };
		F77E6D1A1C20234300EB6157 /* BubbyListTableViewCell.xib */ = {isa = PBXFileReference; fileEncoding = 4; lastKnownFileType = file.xib; path = BubbyListTableViewCell.xib; sourceTree = "<group>"; };
		F7802C661C1AFBA1009647BA /* LogUpViewController.swift */ = {isa = PBXFileReference; fileEncoding = 4; lastKnownFileType = sourcecode.swift; path = LogUpViewController.swift; sourceTree = "<group>"; };
		F7802C671C1AFBA1009647BA /* LogUpViewController.xib */ = {isa = PBXFileReference; fileEncoding = 4; lastKnownFileType = file.xib; path = LogUpViewController.xib; sourceTree = "<group>"; };
		F7802C6A1C1B02FD009647BA /* LogInViewController.swift */ = {isa = PBXFileReference; fileEncoding = 4; lastKnownFileType = sourcecode.swift; path = LogInViewController.swift; sourceTree = "<group>"; };
		F7802C6B1C1B02FD009647BA /* LogInViewController.xib */ = {isa = PBXFileReference; fileEncoding = 4; lastKnownFileType = file.xib; path = LogInViewController.xib; sourceTree = "<group>"; };
		F7802C6E1C1EDF5F009647BA /* BubbyListViewController.swift */ = {isa = PBXFileReference; fileEncoding = 4; lastKnownFileType = sourcecode.swift; path = BubbyListViewController.swift; sourceTree = "<group>"; };
		F79864B61BFF7147005606DA /* RouteDetailViewController.swift */ = {isa = PBXFileReference; fileEncoding = 4; lastKnownFileType = sourcecode.swift; path = RouteDetailViewController.swift; sourceTree = "<group>"; };
		F7A7B9691C19C4C000AC4349 /* RightViewController.swift */ = {isa = PBXFileReference; fileEncoding = 4; lastKnownFileType = sourcecode.swift; path = RightViewController.swift; sourceTree = "<group>"; };
		F7A7B96A1C19C4C000AC4349 /* RightViewController.xib */ = {isa = PBXFileReference; fileEncoding = 4; lastKnownFileType = file.xib; path = RightViewController.xib; sourceTree = "<group>"; };
		F7EDE7631C17213900B0528D /* Header.h */ = {isa = PBXFileReference; lastKnownFileType = sourcecode.c.h; path = Header.h; sourceTree = "<group>"; };
/* End PBXFileReference section */

/* Begin PBXFrameworksBuildPhase section */
		465933021AD7F60700969878 /* Frameworks */ = {
			isa = PBXFrameworksBuildPhase;
			buildActionMask = 2147483647;
			files = (
				F608CED12FB1E57FD2FD6081 /* Pods.framework in Frameworks */,
			);
			runOnlyForDeploymentPostprocessing = 0;
		};
		465933171AD7F60700969878 /* Frameworks */ = {
			isa = PBXFrameworksBuildPhase;
			buildActionMask = 2147483647;
			files = (
			);
			runOnlyForDeploymentPostprocessing = 0;
		};
/* End PBXFrameworksBuildPhase section */

/* Begin PBXGroup section */
		0A53BBFA3E6CDD1CF8C14759 /* Pods */ = {
			isa = PBXGroup;
			children = (
				D7260D56BEC36E4717B2B284 /* Pods.debug.xcconfig */,
				D49BE758CDEDABDC094382A2 /* Pods.release.xcconfig */,
			);
			name = Pods;
			sourceTree = "<group>";
		};
		199C7B2DF19DAFD3A005E354 /* Frameworks */ = {
			isa = PBXGroup;
			children = (
				0B3A2880D9865F3092C3565F /* Pods.framework */,
			);
			name = Frameworks;
			sourceTree = "<group>";
		};
		465932FC1AD7F60700969878 = {
			isa = PBXGroup;
			children = (
				F7EDE7631C17213900B0528D /* Header.h */,
				4642DDB41ADA76DA00D0F32B /* SwiftColors.swift */,
				F76375A01BFDFFC5000D04B8 /* SwiftNotice.swift */,
				465933071AD7F60700969878 /* SwiftSideslipLikeQQ */,
				4659331D1AD7F60700969878 /* SwiftSideslipLikeQQTests */,
				465933061AD7F60700969878 /* Products */,
				0A53BBFA3E6CDD1CF8C14759 /* Pods */,
				199C7B2DF19DAFD3A005E354 /* Frameworks */,
			);
			sourceTree = "<group>";
		};
		465933061AD7F60700969878 /* Products */ = {
			isa = PBXGroup;
			children = (
				465933051AD7F60700969878 /* SwiftSideslipLikeQQ.app */,
				4659331A1AD7F60700969878 /* SwiftSideslipLikeQQTests.xctest */,
			);
			name = Products;
			sourceTree = "<group>";
		};
		465933071AD7F60700969878 /* SwiftSideslipLikeQQ */ = {
			isa = PBXGroup;
			children = (
				F7802C6A1C1B02FD009647BA /* LogInViewController.swift */,
				F7802C6B1C1B02FD009647BA /* LogInViewController.xib */,
				F7A7B9691C19C4C000AC4349 /* RightViewController.swift */,
				F7A7B96A1C19C4C000AC4349 /* RightViewController.xib */,
				F7802C661C1AFBA1009647BA /* LogUpViewController.swift */,
				F7802C671C1AFBA1009647BA /* LogUpViewController.xib */,
				4659330A1AD7F60700969878 /* AppDelegate.swift */,
				4659330C1AD7F60700969878 /* ViewController.swift */,
				4659332A1AD7FB0E00969878 /* HomeViewController.swift */,
				F7564B131BFEF9720025B535 /* HomeTableViewCell.swift */,
				F7564B141BFEF9720025B535 /* HomeTableViewCell.xib */,
				466C008E1AD92447002ED354 /* LeftViewController.swift */,
				4642DDB61ADA7BAA00D0F32B /* OtherPageViewController.swift */,
				F7564B1F1BFEFD620025B535 /* PhotosTableViewCell.swift */,
				F7564B201BFEFD620025B535 /* PhotosTableViewCell.xib */,
				F74CD0381BFE21E5003B4E14 /* LoanViewController.swift */,
				F7564B1D1BFEFCE50025B535 /* PhotosViewController.swift */,
				F761E35F1C1F0CFA0044BBD2 /* ScheduleTableViewCell.swift */,
				F761E3601C1F0CFA0044BBD2 /* ScheduleTableViewCell.xib */,
				18BF35891C218757007C7EFA /* NewsTableViewCell.swift */,
				18BF358A1C218757007C7EFA /* NewsTableViewCell.xib */,
				F79864B61BFF7147005606DA /* RouteDetailViewController.swift */,
				18BF358D1C21B799007C7EFA /* GroundDetailViewController.swift */,
				F761E35D1C1F0B3E0044BBD2 /* ScheduleViewController.swift */,
				18BF358F1C21BDAD007C7EFA /* SearchViewController.swift */,
				F7802C6E1C1EDF5F009647BA /* BubbyListViewController.swift */,
				F77E6D191C20234300EB6157 /* BubbyListTableViewCell.swift */,
				F77E6D1A1C20234300EB6157 /* BubbyListTableViewCell.xib */,
				465933111AD7F60700969878 /* Images.xcassets */,
				4659330E1AD7F60700969878 /* Main.storyboard */,
				18BF35831C2062DC007C7EFA /* PersonalViewController.swift */,
				465933131AD7F60700969878 /* LaunchScreen.xib */,
				465933081AD7F60700969878 /* Supporting Files */,
				466C00871AD832D9002ED354 /* Common.swift */,
				46617ED41AF3E4C5008F038F /* MainTabBarController.swift */,
				46617ED51AF3E4C5008F038F /* MainTabBarController.xib */,
			);
			path = SwiftSideslipLikeQQ;
			sourceTree = "<group>";
		};
		465933081AD7F60700969878 /* Supporting Files */ = {
			isa = PBXGroup;
			children = (
				465933091AD7F60700969878 /* Info.plist */,
			);
			name = "Supporting Files";
			sourceTree = "<group>";
		};
		4659331D1AD7F60700969878 /* SwiftSideslipLikeQQTests */ = {
			isa = PBXGroup;
			children = (
				465933201AD7F60700969878 /* SwiftSideslipLikeQQTests.swift */,
				4659331E1AD7F60700969878 /* Supporting Files */,
			);
			path = SwiftSideslipLikeQQTests;
			sourceTree = "<group>";
		};
		4659331E1AD7F60700969878 /* Supporting Files */ = {
			isa = PBXGroup;
			children = (
				4659331F1AD7F60700969878 /* Info.plist */,
			);
			name = "Supporting Files";
			sourceTree = "<group>";
		};
/* End PBXGroup section */

/* Begin PBXNativeTarget section */
		465933041AD7F60700969878 /* SwiftSideslipLikeQQ */ = {
			isa = PBXNativeTarget;
			buildConfigurationList = 465933241AD7F60700969878 /* Build configuration list for PBXNativeTarget "SwiftSideslipLikeQQ" */;
			buildPhases = (
				F6171209F138120FD17B302B /* Check Pods Manifest.lock */,
				465933011AD7F60700969878 /* Sources */,
				465933021AD7F60700969878 /* Frameworks */,
				465933031AD7F60700969878 /* Resources */,
				F763759A1BFCBF9A000D04B8 /* Embed Frameworks */,
				071886CEA2B9FDCBEC3B841B /* Embed Pods Frameworks */,
				6ED4FB7AD5FB2CBF82AEC37C /* Copy Pods Resources */,
			);
			buildRules = (
			);
			dependencies = (
			);
			name = SwiftSideslipLikeQQ;
			productName = SwiftSideslipLikeQQ;
			productReference = 465933051AD7F60700969878 /* SwiftSideslipLikeQQ.app */;
			productType = "com.apple.product-type.application";
		};
		465933191AD7F60700969878 /* SwiftSideslipLikeQQTests */ = {
			isa = PBXNativeTarget;
			buildConfigurationList = 465933271AD7F60700969878 /* Build configuration list for PBXNativeTarget "SwiftSideslipLikeQQTests" */;
			buildPhases = (
				465933161AD7F60700969878 /* Sources */,
				465933171AD7F60700969878 /* Frameworks */,
				465933181AD7F60700969878 /* Resources */,
			);
			buildRules = (
			);
			dependencies = (
				4659331C1AD7F60700969878 /* PBXTargetDependency */,
			);
			name = SwiftSideslipLikeQQTests;
			productName = SwiftSideslipLikeQQTests;
			productReference = 4659331A1AD7F60700969878 /* SwiftSideslipLikeQQTests.xctest */;
			productType = "com.apple.product-type.bundle.unit-test";
		};
/* End PBXNativeTarget section */

/* Begin PBXProject section */
		465932FD1AD7F60700969878 /* Project object */ = {
			isa = PBXProject;
			attributes = {
				LastSwiftMigration = 0700;
				LastSwiftUpdateCheck = 0700;
				LastUpgradeCheck = 0700;
				ORGANIZATIONNAME = com.lvwenhan;
				TargetAttributes = {
					465933041AD7F60700969878 = {
						CreatedOnToolsVersion = 6.3;
					};
					465933191AD7F60700969878 = {
						CreatedOnToolsVersion = 6.3;
						TestTargetID = 465933041AD7F60700969878;
					};
				};
			};
			buildConfigurationList = 465933001AD7F60700969878 /* Build configuration list for PBXProject "SwiftSideslipLikeQQ" */;
			compatibilityVersion = "Xcode 3.2";
			developmentRegion = English;
			hasScannedForEncodings = 0;
			knownRegions = (
				en,
				Base,
			);
			mainGroup = 465932FC1AD7F60700969878;
			productRefGroup = 465933061AD7F60700969878 /* Products */;
			projectDirPath = "";
			projectRoot = "";
			targets = (
				465933041AD7F60700969878 /* SwiftSideslipLikeQQ */,
				465933191AD7F60700969878 /* SwiftSideslipLikeQQTests */,
			);
		};
/* End PBXProject section */

/* Begin PBXResourcesBuildPhase section */
		465933031AD7F60700969878 /* Resources */ = {
			isa = PBXResourcesBuildPhase;
			buildActionMask = 2147483647;
			files = (
				465933101AD7F60700969878 /* Main.storyboard in Resources */,
				F77E6D1C1C20234300EB6157 /* BubbyListTableViewCell.xib in Resources */,
				F7A7B96C1C19C4C000AC4349 /* RightViewController.xib in Resources */,
				F7802C6D1C1B02FD009647BA /* LogInViewController.xib in Resources */,
				465933151AD7F60700969878 /* LaunchScreen.xib in Resources */,
				F761E3621C1F0CFA0044BBD2 /* ScheduleTableViewCell.xib in Resources */,
				46617ED71AF3E4C5008F038F /* MainTabBarController.xib in Resources */,
				F7564B161BFEF9720025B535 /* HomeTableViewCell.xib in Resources */,
				F7564B221BFEFD620025B535 /* PhotosTableViewCell.xib in Resources */,
				F7802C691C1AFBA1009647BA /* LogUpViewController.xib in Resources */,
				18BF358C1C218757007C7EFA /* NewsTableViewCell.xib in Resources */,
				465933121AD7F60700969878 /* Images.xcassets in Resources */,
			);
			runOnlyForDeploymentPostprocessing = 0;
		};
		465933181AD7F60700969878 /* Resources */ = {
			isa = PBXResourcesBuildPhase;
			buildActionMask = 2147483647;
			files = (
			);
			runOnlyForDeploymentPostprocessing = 0;
		};
/* End PBXResourcesBuildPhase section */

/* Begin PBXShellScriptBuildPhase section */
		071886CEA2B9FDCBEC3B841B /* Embed Pods Frameworks */ = {
			isa = PBXShellScriptBuildPhase;
			buildActionMask = 2147483647;
			files = (
			);
			inputPaths = (
			);
			name = "Embed Pods Frameworks";
			outputPaths = (
			);
			runOnlyForDeploymentPostprocessing = 0;
			shellPath = /bin/sh;
			shellScript = "\"${SRCROOT}/Pods/Target Support Files/Pods/Pods-frameworks.sh\"\n";
			showEnvVarsInLog = 0;
		};
		6ED4FB7AD5FB2CBF82AEC37C /* Copy Pods Resources */ = {
			isa = PBXShellScriptBuildPhase;
			buildActionMask = 2147483647;
			files = (
			);
			inputPaths = (
			);
			name = "Copy Pods Resources";
			outputPaths = (
			);
			runOnlyForDeploymentPostprocessing = 0;
			shellPath = /bin/sh;
			shellScript = "\"${SRCROOT}/Pods/Target Support Files/Pods/Pods-resources.sh\"\n";
			showEnvVarsInLog = 0;
		};
		F6171209F138120FD17B302B /* Check Pods Manifest.lock */ = {
			isa = PBXShellScriptBuildPhase;
			buildActionMask = 2147483647;
			files = (
			);
			inputPaths = (
			);
			name = "Check Pods Manifest.lock";
			outputPaths = (
			);
			runOnlyForDeploymentPostprocessing = 0;
			shellPath = /bin/sh;
			shellScript = "diff \"${PODS_ROOT}/../Podfile.lock\" \"${PODS_ROOT}/Manifest.lock\" > /dev/null\nif [[ $? != 0 ]] ; then\n    cat << EOM\nerror: The sandbox is not in sync with the Podfile.lock. Run 'pod install' or update your CocoaPods installation.\nEOM\n    exit 1\nfi\n";
			showEnvVarsInLog = 0;
		};
/* End PBXShellScriptBuildPhase section */

/* Begin PBXSourcesBuildPhase section */
		465933011AD7F60700969878 /* Sources */ = {
			isa = PBXSourcesBuildPhase;
			buildActionMask = 2147483647;
			files = (
				4642DDB51ADA76DA00D0F32B /* SwiftColors.swift in Sources */,
				466C00881AD832D9002ED354 /* Common.swift in Sources */,
				F7A7B96B1C19C4C000AC4349 /* RightViewController.swift in Sources */,
				46617ED61AF3E4C5008F038F /* MainTabBarController.swift in Sources */,
				F7802C6C1C1B02FD009647BA /* LogInViewController.swift in Sources */,
				F79864B71BFF7147005606DA /* RouteDetailViewController.swift in Sources */,
				F761E3611C1F0CFA0044BBD2 /* ScheduleTableViewCell.swift in Sources */,
				4659330D1AD7F60700969878 /* ViewController.swift in Sources */,
				18BF358E1C21B799007C7EFA /* GroundDetailViewController.swift in Sources */,
				18BF358B1C218757007C7EFA /* NewsTableViewCell.swift in Sources */,
				466C008F1AD92447002ED354 /* LeftViewController.swift in Sources */,
				F7564B151BFEF9720025B535 /* HomeTableViewCell.swift in Sources */,
				18BF35841C2062DC007C7EFA /* PersonalViewController.swift in Sources */,
				4659330B1AD7F60700969878 /* AppDelegate.swift in Sources */,
				F74CD0391BFE21E5003B4E14 /* LoanViewController.swift in Sources */,
				18BF35901C21BDAD007C7EFA /* SearchViewController.swift in Sources */,
				F761E35E1C1F0B3E0044BBD2 /* ScheduleViewController.swift in Sources */,
				F77E6D1B1C20234300EB6157 /* BubbyListTableViewCell.swift in Sources */,
				F7802C681C1AFBA1009647BA /* LogUpViewController.swift in Sources */,
				F76375A11BFDFFC5000D04B8 /* SwiftNotice.swift in Sources */,
				F7564B211BFEFD620025B535 /* PhotosTableViewCell.swift in Sources */,
				F7564B1E1BFEFCE50025B535 /* PhotosViewController.swift in Sources */,
				F7802C6F1C1EDF5F009647BA /* BubbyListViewController.swift in Sources */,
				4642DDB71ADA7BAA00D0F32B /* OtherPageViewController.swift in Sources */,
				4659332B1AD7FB0E00969878 /* HomeViewController.swift in Sources */,
			);
			runOnlyForDeploymentPostprocessing = 0;
		};
		465933161AD7F60700969878 /* Sources */ = {
			isa = PBXSourcesBuildPhase;
			buildActionMask = 2147483647;
			files = (
				465933211AD7F60700969878 /* SwiftSideslipLikeQQTests.swift in Sources */,
			);
			runOnlyForDeploymentPostprocessing = 0;
		};
/* End PBXSourcesBuildPhase section */

/* Begin PBXTargetDependency section */
		4659331C1AD7F60700969878 /* PBXTargetDependency */ = {
			isa = PBXTargetDependency;
			target = 465933041AD7F60700969878 /* SwiftSideslipLikeQQ */;
			targetProxy = 4659331B1AD7F60700969878 /* PBXContainerItemProxy */;
		};
/* End PBXTargetDependency section */

/* Begin PBXVariantGroup section */
		4659330E1AD7F60700969878 /* Main.storyboard */ = {
			isa = PBXVariantGroup;
			children = (
				4659330F1AD7F60700969878 /* Base */,
			);
			name = Main.storyboard;
			sourceTree = "<group>";
		};
		465933131AD7F60700969878 /* LaunchScreen.xib */ = {
			isa = PBXVariantGroup;
			children = (
				465933141AD7F60700969878 /* Base */,
			);
			name = LaunchScreen.xib;
			sourceTree = "<group>";
		};
/* End PBXVariantGroup section */

/* Begin XCBuildConfiguration section */
		465933221AD7F60700969878 /* Debug */ = {
			isa = XCBuildConfiguration;
			buildSettings = {
				ALWAYS_SEARCH_USER_PATHS = NO;
				CLANG_CXX_LANGUAGE_STANDARD = "gnu++0x";
				CLANG_CXX_LIBRARY = "libc++";
				CLANG_ENABLE_MODULES = YES;
				CLANG_ENABLE_OBJC_ARC = YES;
				CLANG_WARN_BOOL_CONVERSION = YES;
				CLANG_WARN_CONSTANT_CONVERSION = YES;
				CLANG_WARN_DIRECT_OBJC_ISA_USAGE = YES_ERROR;
				CLANG_WARN_EMPTY_BODY = YES;
				CLANG_WARN_ENUM_CONVERSION = YES;
				CLANG_WARN_INT_CONVERSION = YES;
				CLANG_WARN_OBJC_ROOT_CLASS = YES_ERROR;
				CLANG_WARN_UNREACHABLE_CODE = YES;
				CLANG_WARN__DUPLICATE_METHOD_MATCH = YES;
				"CODE_SIGN_IDENTITY[sdk=iphoneos*]" = "iPhone Developer";
				COPY_PHASE_STRIP = NO;
				DEBUG_INFORMATION_FORMAT = "dwarf-with-dsym";
				ENABLE_STRICT_OBJC_MSGSEND = YES;
				ENABLE_TESTABILITY = YES;
				GCC_C_LANGUAGE_STANDARD = gnu99;
				GCC_DYNAMIC_NO_PIC = NO;
				GCC_NO_COMMON_BLOCKS = YES;
				GCC_OPTIMIZATION_LEVEL = 0;
				GCC_PREPROCESSOR_DEFINITIONS = (
					"DEBUG=1",
					"$(inherited)",
				);
				GCC_SYMBOLS_PRIVATE_EXTERN = NO;
				GCC_WARN_64_TO_32_BIT_CONVERSION = YES;
				GCC_WARN_ABOUT_RETURN_TYPE = YES_ERROR;
				GCC_WARN_UNDECLARED_SELECTOR = YES;
				GCC_WARN_UNINITIALIZED_AUTOS = YES_AGGRESSIVE;
				GCC_WARN_UNUSED_FUNCTION = YES;
				GCC_WARN_UNUSED_VARIABLE = YES;
				IPHONEOS_DEPLOYMENT_TARGET = 8.0;
				MTL_ENABLE_DEBUG_INFO = YES;
				ONLY_ACTIVE_ARCH = YES;
				SDKROOT = iphoneos;
				SWIFT_OPTIMIZATION_LEVEL = "-Onone";
			};
			name = Debug;
		};
		465933231AD7F60700969878 /* Release */ = {
			isa = XCBuildConfiguration;
			buildSettings = {
				ALWAYS_SEARCH_USER_PATHS = NO;
				CLANG_CXX_LANGUAGE_STANDARD = "gnu++0x";
				CLANG_CXX_LIBRARY = "libc++";
				CLANG_ENABLE_MODULES = YES;
				CLANG_ENABLE_OBJC_ARC = YES;
				CLANG_WARN_BOOL_CONVERSION = YES;
				CLANG_WARN_CONSTANT_CONVERSION = YES;
				CLANG_WARN_DIRECT_OBJC_ISA_USAGE = YES_ERROR;
				CLANG_WARN_EMPTY_BODY = YES;
				CLANG_WARN_ENUM_CONVERSION = YES;
				CLANG_WARN_INT_CONVERSION = YES;
				CLANG_WARN_OBJC_ROOT_CLASS = YES_ERROR;
				CLANG_WARN_UNREACHABLE_CODE = YES;
				CLANG_WARN__DUPLICATE_METHOD_MATCH = YES;
				"CODE_SIGN_IDENTITY[sdk=iphoneos*]" = "iPhone Developer";
				COPY_PHASE_STRIP = NO;
				DEBUG_INFORMATION_FORMAT = "dwarf-with-dsym";
				ENABLE_NS_ASSERTIONS = NO;
				ENABLE_STRICT_OBJC_MSGSEND = YES;
				GCC_C_LANGUAGE_STANDARD = gnu99;
				GCC_NO_COMMON_BLOCKS = YES;
				GCC_WARN_64_TO_32_BIT_CONVERSION = YES;
				GCC_WARN_ABOUT_RETURN_TYPE = YES_ERROR;
				GCC_WARN_UNDECLARED_SELECTOR = YES;
				GCC_WARN_UNINITIALIZED_AUTOS = YES_AGGRESSIVE;
				GCC_WARN_UNUSED_FUNCTION = YES;
				GCC_WARN_UNUSED_VARIABLE = YES;
				IPHONEOS_DEPLOYMENT_TARGET = 8.0;
				MTL_ENABLE_DEBUG_INFO = NO;
				SDKROOT = iphoneos;
				VALIDATE_PRODUCT = YES;
			};
			name = Release;
		};
		465933251AD7F60700969878 /* Debug */ = {
			isa = XCBuildConfiguration;
			baseConfigurationReference = D7260D56BEC36E4717B2B284 /* Pods.debug.xcconfig */;
			buildSettings = {
				ALWAYS_SEARCH_USER_PATHS = YES;
				ASSETCATALOG_COMPILER_APPICON_NAME = AppIcon;
				EMBEDDED_CONTENT_CONTAINS_SWIFT = YES;
				INFOPLIST_FILE = SwiftSideslipLikeQQ/Info.plist;
				IPHONEOS_DEPLOYMENT_TARGET = 8.0;
				LD_RUNPATH_SEARCH_PATHS = "$(inherited) @executable_path/Frameworks";
				PRODUCT_BUNDLE_IDENTIFIER = "com.lvwenhan.$(PRODUCT_NAME:rfc1034identifier)";
				PRODUCT_NAME = "$(TARGET_NAME)";
				SWIFT_OBJC_BRIDGING_HEADER = Header.h;
				USER_HEADER_SEARCH_PATHS = "$(SRCROOT)/**";
			};
			name = Debug;
		};
		465933261AD7F60700969878 /* Release */ = {
			isa = XCBuildConfiguration;
			baseConfigurationReference = D49BE758CDEDABDC094382A2 /* Pods.release.xcconfig */;
			buildSettings = {
				ALWAYS_SEARCH_USER_PATHS = YES;
				ASSETCATALOG_COMPILER_APPICON_NAME = AppIcon;
				EMBEDDED_CONTENT_CONTAINS_SWIFT = YES;
				INFOPLIST_FILE = SwiftSideslipLikeQQ/Info.plist;
				IPHONEOS_DEPLOYMENT_TARGET = 8.0;
				LD_RUNPATH_SEARCH_PATHS = "$(inherited) @executable_path/Frameworks";
				PRODUCT_BUNDLE_IDENTIFIER = "com.lvwenhan.$(PRODUCT_NAME:rfc1034identifier)";
				PRODUCT_NAME = "$(TARGET_NAME)";
				SWIFT_OBJC_BRIDGING_HEADER = Header.h;
				USER_HEADER_SEARCH_PATHS = "$(SRCROOT)/**";
			};
			name = Release;
		};
		465933281AD7F60700969878 /* Debug */ = {
			isa = XCBuildConfiguration;
			buildSettings = {
				BUNDLE_LOADER = "$(TEST_HOST)";
				FRAMEWORK_SEARCH_PATHS = (
					"$(SDKROOT)/Developer/Library/Frameworks",
					"$(inherited)",
				);
				GCC_PREPROCESSOR_DEFINITIONS = (
					"DEBUG=1",
					"$(inherited)",
				);
				INFOPLIST_FILE = SwiftSideslipLikeQQTests/Info.plist;
				LD_RUNPATH_SEARCH_PATHS = "$(inherited) @executable_path/Frameworks @loader_path/Frameworks";
				PRODUCT_BUNDLE_IDENTIFIER = "com.lvwenhan.$(PRODUCT_NAME:rfc1034identifier)";
				PRODUCT_NAME = "$(TARGET_NAME)";
				TEST_HOST = "$(BUILT_PRODUCTS_DIR)/SwiftSideslipLikeQQ.app/SwiftSideslipLikeQQ";
			};
			name = Debug;
		};
		465933291AD7F60700969878 /* Release */ = {
			isa = XCBuildConfiguration;
			buildSettings = {
				BUNDLE_LOADER = "$(TEST_HOST)";
				FRAMEWORK_SEARCH_PATHS = (
					"$(SDKROOT)/Developer/Library/Frameworks",
					"$(inherited)",
				);
				INFOPLIST_FILE = SwiftSideslipLikeQQTests/Info.plist;
				LD_RUNPATH_SEARCH_PATHS = "$(inherited) @executable_path/Frameworks @loader_path/Frameworks";
				PRODUCT_BUNDLE_IDENTIFIER = "com.lvwenhan.$(PRODUCT_NAME:rfc1034identifier)";
				PRODUCT_NAME = "$(TARGET_NAME)";
				TEST_HOST = "$(BUILT_PRODUCTS_DIR)/SwiftSideslipLikeQQ.app/SwiftSideslipLikeQQ";
			};
			name = Release;
		};
/* End XCBuildConfiguration section */

/* Begin XCConfigurationList section */
		465933001AD7F60700969878 /* Build configuration list for PBXProject "SwiftSideslipLikeQQ" */ = {
			isa = XCConfigurationList;
			buildConfigurations = (
				465933221AD7F60700969878 /* Debug */,
				465933231AD7F60700969878 /* Release */,
			);
			defaultConfigurationIsVisible = 0;
			defaultConfigurationName = Release;
		};
		465933241AD7F60700969878 /* Build configuration list for PBXNativeTarget "SwiftSideslipLikeQQ" */ = {
			isa = XCConfigurationList;
			buildConfigurations = (
				465933251AD7F60700969878 /* Debug */,
				465933261AD7F60700969878 /* Release */,
			);
			defaultConfigurationIsVisible = 0;
			defaultConfigurationName = Release;
		};
		465933271AD7F60700969878 /* Build configuration list for PBXNativeTarget "SwiftSideslipLikeQQTests" */ = {
			isa = XCConfigurationList;
			buildConfigurations = (
				465933281AD7F60700969878 /* Debug */,
				465933291AD7F60700969878 /* Release */,
			);
			defaultConfigurationIsVisible = 0;
			defaultConfigurationName = Release;
		};
/* End XCConfigurationList section */
	};
	rootObject = 465932FD1AD7F60700969878 /* Project object */;
}
